
Microsoft Visual Studio Solution File, Format Version 12.00
# Visual Studio 15
VisualStudioVersion = 15.0.28307.1831
MinimumVisualStudioVersion = 10.0.40219.1
Project("{FAE04EC0-301F-11D3-BF4B-00C04F79EFBC}") = "helalinden-dev1", "helalinden-dev1\helalinden-dev1.csproj", "{6EBCEFE5-B203-4D35-9283-E7615725C1E8}"
EndProject
Global
	GlobalSection(SolutionConfigurationPlatforms) = preSolution
		Debug|Any CPU = Debug|Any CPU
		Release|Any CPU = Release|Any CPU
	EndGlobalSection
	GlobalSection(ProjectConfigurationPlatforms) = postSolution
		{6EBCEFE5-B203-4D35-9283-E7615725C1E8}.Debug|Any CPU.ActiveCfg = Debug|Any CPU
		{6EBCEFE5-B203-4D35-9283-E7615725C1E8}.Debug|Any CPU.Build.0 = Debug|Any CPU
		{6EBCEFE5-B203-4D35-9283-E7615725C1E8}.Release|Any CPU.ActiveCfg = Release|Any CPU
		{6EBCEFE5-B203-4D35-9283-E7615725C1E8}.Release|Any CPU.Build.0 = Release|Any CPU
	EndGlobalSection
	GlobalSection(SolutionProperties) = preSolution
		HideSolutionNode = FALSE
	EndGlobalSection
	GlobalSection(ExtensibilityGlobals) = postSolution
		SolutionGuid = {FBB39B21-227C-4D90-AEDC-CFAFA5EDA098}
	EndGlobalSection
EndGlobal
